
Microsoft Visual Studio Solution File, Format Version 12.00
# Visual Studio Version 17
VisualStudioVersion = 17.10.35027.167
MinimumVisualStudioVersion = 10.0.40219.1
Project("{FAE04EC0-301F-11D3-BF4B-00C04F79EFBC}") = "ElemPut", "ElemPut.csproj", "{3697AB06-50B8-4846-AD46-3718F0641383}"
EndProject
Global
	GlobalSection(SolutionConfigurationPlatforms) = preSolution
		Debug|Any CPU = Debug|Any CPU
		Release|Any CPU = Release|Any CPU
	EndGlobalSection
	GlobalSection(ProjectConfigurationPlatforms) = postSolution
		{3697AB06-50B8-4846-AD46-3718F0641383}.Debug|Any CPU.ActiveCfg = Debug|Any CPU
		{3697AB06-50B8-4846-AD46-3718F0641383}.Debug|Any CPU.Build.0 = Debug|Any CPU
		{3697AB06-50B8-4846-AD46-3718F0641383}.Release|Any CPU.ActiveCfg = Release|Any CPU
		{3697AB06-50B8-4846-AD46-3718F0641383}.Release|Any CPU.Build.0 = Release|Any CPU
	EndGlobalSection
	GlobalSection(SolutionProperties) = preSolution
		HideSolutionNode = FALSE
	EndGlobalSection
	GlobalSection(ExtensibilityGlobals) = postSolution
		SolutionGuid = {235577CB-E23A-4F5B-845C-5729E3ED8095}
	EndGlobalSection
EndGlobal
